
Microsoft Visual Studio Solution File, Format Version 12.00
# Visual Studio Version 17
VisualStudioVersion = 17.4.33213.308
MinimumVisualStudioVersion = 10.0.40219.1
Project("{FAE04EC0-301F-11D3-BF4B-00C04F79EFBC}") = "p1c8", "p1c8\p1c8.csproj", "{9531AC16-1741-4D08-A3B6-9361801FE4E5}"
EndProject
Global
	GlobalSection(SolutionConfigurationPlatforms) = preSolution
		Debug|Any CPU = Debug|Any CPU
		Release|Any CPU = Release|Any CPU
	EndGlobalSection
	GlobalSection(ProjectConfigurationPlatforms) = postSolution
		{9531AC16-1741-4D08-A3B6-9361801FE4E5}.Debug|Any CPU.ActiveCfg = Debug|Any CPU
		{9531AC16-1741-4D08-A3B6-9361801FE4E5}.Debug|Any CPU.Build.0 = Debug|Any CPU
		{9531AC16-1741-4D08-A3B6-9361801FE4E5}.Release|Any CPU.ActiveCfg = Release|Any CPU
		{9531AC16-1741-4D08-A3B6-9361801FE4E5}.Release|Any CPU.Build.0 = Release|Any CPU
	EndGlobalSection
	GlobalSection(SolutionProperties) = preSolution
		HideSolutionNode = FALSE
	EndGlobalSection
	GlobalSection(ExtensibilityGlobals) = postSolution
		SolutionGuid = {C33B6169-2DC1-4DFB-8F3D-0C6138487308}
	EndGlobalSection
EndGlobal
